
Microsoft Visual Studio Solution File, Format Version 12.00
Project("{FAE04EC0-301F-11D3-BF4B-00C04F79EFBC}") = "DNP_Assignment2", "DNP_Assignment2\DNP_Assignment2.csproj", "{29643FF1-577C-4C40-857F-28EA5ED81D33}"
EndProject
Global
	GlobalSection(SolutionConfigurationPlatforms) = preSolution
		Debug|Any CPU = Debug|Any CPU
		Release|Any CPU = Release|Any CPU
	EndGlobalSection
	GlobalSection(ProjectConfigurationPlatforms) = postSolution
		{29643FF1-577C-4C40-857F-28EA5ED81D33}.Debug|Any CPU.ActiveCfg = Debug|Any CPU
		{29643FF1-577C-4C40-857F-28EA5ED81D33}.Debug|Any CPU.Build.0 = Debug|Any CPU
		{29643FF1-577C-4C40-857F-28EA5ED81D33}.Release|Any CPU.ActiveCfg = Release|Any CPU
		{29643FF1-577C-4C40-857F-28EA5ED81D33}.Release|Any CPU.Build.0 = Release|Any CPU
	EndGlobalSection
EndGlobal
